
Microsoft Visual Studio Solution File, Format Version 12.00
# Visual Studio Version 17
VisualStudioVersion = 17.5.33530.505
MinimumVisualStudioVersion = 10.0.40219.1
Project("{9A19103F-16F7-4668-BE54-9A1E7A4F7556}") = "rentaLax", "rentaLax\rentaLax.csproj", "{49C2DA92-5979-4726-86F7-F084FCD1212D}"
EndProject
Project("{FAE04EC0-301F-11D3-BF4B-00C04F79EFBC}") = "RentaLaxTesting", "RentaLaxTesting\RentaLaxTesting.csproj", "{04F286BB-1F53-4F52-932D-094AD21E5BC3}"
EndProject
Global
	GlobalSection(SolutionConfigurationPlatforms) = preSolution
		Debug|Any CPU = Debug|Any CPU
		Release|Any CPU = Release|Any CPU
	EndGlobalSection
	GlobalSection(ProjectConfigurationPlatforms) = postSolution
		{49C2DA92-5979-4726-86F7-F084FCD1212D}.Debug|Any CPU.ActiveCfg = Debug|Any CPU
		{49C2DA92-5979-4726-86F7-F084FCD1212D}.Debug|Any CPU.Build.0 = Debug|Any CPU
		{49C2DA92-5979-4726-86F7-F084FCD1212D}.Release|Any CPU.ActiveCfg = Release|Any CPU
		{49C2DA92-5979-4726-86F7-F084FCD1212D}.Release|Any CPU.Build.0 = Release|Any CPU
		{04F286BB-1F53-4F52-932D-094AD21E5BC3}.Debug|Any CPU.ActiveCfg = Debug|Any CPU
		{04F286BB-1F53-4F52-932D-094AD21E5BC3}.Debug|Any CPU.Build.0 = Debug|Any CPU
		{04F286BB-1F53-4F52-932D-094AD21E5BC3}.Release|Any CPU.ActiveCfg = Release|Any CPU
		{04F286BB-1F53-4F52-932D-094AD21E5BC3}.Release|Any CPU.Build.0 = Release|Any CPU
	EndGlobalSection
	GlobalSection(SolutionProperties) = preSolution
		HideSolutionNode = FALSE
	EndGlobalSection
	GlobalSection(ExtensibilityGlobals) = postSolution
		SolutionGuid = {E2B47B91-47BE-4FE3-AA69-B54E1DEE4226}
	EndGlobalSection
EndGlobal
